// !$*UTF8*$!
{
	archiveVersion = 1;
	classes = {
	};
	objectVersion = 56;
	objects = {

/* Begin PBXBuildFile section */
		BD7DF3EF2C054B3500FA31B5 /* AppDelegate.swift in Sources */ = {isa = PBXBuildFile; fileRef = BD7DF3EE2C054B3500FA31B5 /* AppDelegate.swift */; };
		BD7DF3F12C054B3500FA31B5 /* SceneDelegate.swift in Sources */ = {isa = PBXBuildFile; fileRef = BD7DF3F02C054B3500FA31B5 /* SceneDelegate.swift */; };
		BD7DF3F32C054B3500FA31B5 /* ViewController.swift in Sources */ = {isa = PBXBuildFile; fileRef = BD7DF3F22C054B3500FA31B5 /* ViewController.swift */; };
		BD7DF3F62C054B3500FA31B5 /* Base in Resources */ = {isa = PBXBuildFile; fileRef = BD7DF3F52C054B3500FA31B5 /* Base */; };
		BD7DF3F82C054B3600FA31B5 /* Assets.xcassets in Resources */ = {isa = PBXBuildFile; fileRef = BD7DF3F72C054B3600FA31B5 /* Assets.xcassets */; };
		BD7DF3FB2C054B3600FA31B5 /* Base in Resources */ = {isa = PBXBuildFile; fileRef = BD7DF3FA2C054B3600FA31B5 /* Base */; };
		BD7DF4062C054B3700FA31B5 /* UnduManagerTests.swift in Sources */ = {isa = PBXBuildFile; fileRef = BD7DF4052C054B3700FA31B5 /* UnduManagerTests.swift */; };
		BD7DF4102C054B3700FA31B5 /* UnduManagerUITests.swift in Sources */ = {isa = PBXBuildFile; fileRef = BD7DF40F2C054B3700FA31B5 /* UnduManagerUITests.swift */; };
		BD7DF4122C054B3700FA31B5 /* UnduManagerUITestsLaunchTests.swift in Sources */ = {isa = PBXBuildFile; fileRef = BD7DF4112C054B3700FA31B5 /* UnduManagerUITestsLaunchTests.swift */; };
/* End PBXBuildFile section */

/* Begin PBXContainerItemProxy section */
		BD7DF4022C054B3700FA31B5 /* PBXContainerItemProxy */ = {
			isa = PBXContainerItemProxy;
			containerPortal = BD7DF3E32C054B3500FA31B5 /* Project object */;
			proxyType = 1;
			remoteGlobalIDString = BD7DF3EA2C054B3500FA31B5;
			remoteInfo = UnduManager;
		};
		BD7DF40C2C054B3700FA31B5 /* PBXContainerItemProxy */ = {
			isa = PBXContainerItemProxy;
			containerPortal = BD7DF3E32C054B3500FA31B5 /* Project object */;
			proxyType = 1;
			remoteGlobalIDString = BD7DF3EA2C054B3500FA31B5;
			remoteInfo = UnduManager;
		};
/* End PBXContainerItemProxy section */

/* Begin PBXFileReference section */
		BD7DF3EB2C054B3500FA31B5 /* UnduManager.app */ = {isa = PBXFileReference; explicitFileType = wrapper.application; includeInIndex = 0; path = UnduManager.app; sourceTree = BUILT_PRODUCTS_DIR; };
		BD7DF3EE2C054B3500FA31B5 /* AppDelegate.swift */ = {isa = PBXFileReference; lastKnownFileType = sourcecode.swift; path = AppDelegate.swift; sourceTree = "<group>"; };
		BD7DF3F02C054B3500FA31B5 /* SceneDelegate.swift */ = {isa = PBXFileReference; lastKnownFileType = sourcecode.swift; path = SceneDelegate.swift; sourceTree = "<group>"; };
		BD7DF3F22C054B3500FA31B5 /* ViewController.swift */ = {isa = PBXFileReference; lastKnownFileType = sourcecode.swift; path = ViewController.swift; sourceTree = "<group>"; };
		BD7DF3F52C054B3500FA31B5 /* Base */ = {isa = PBXFileReference; lastKnownFileType = file.storyboard; name = Base; path = Base.lproj/Main.storyboard; sourceTree = "<group>"; };
		BD7DF3F72C054B3600FA31B5 /* Assets.xcassets */ = {isa = PBXFileReference; lastKnownFileType = folder.assetcatalog; path = Assets.xcassets; sourceTree = "<group>"; };
		BD7DF3FA2C054B3600FA31B5 /* Base */ = {isa = PBXFileReference; lastKnownFileType = file.storyboard; name = Base; path = Base.lproj/LaunchScreen.storyboard; sourceTree = "<group>"; };
		BD7DF3FC2C054B3600FA31B5 /* Info.plist */ = {isa = PBXFileReference; lastKnownFileType = text.plist.xml; path = Info.plist; sourceTree = "<group>"; };
		BD7DF4012C054B3700FA31B5 /* UnduManagerTests.xctest */ = {isa = PBXFileReference; explicitFileType = wrapper.cfbundle; includeInIndex = 0; path = UnduManagerTests.xctest; sourceTree = BUILT_PRODUCTS_DIR; };
		BD7DF4052C054B3700FA31B5 /* UnduManagerTests.swift */ = {isa = PBXFileReference; lastKnownFileType = sourcecode.swift; path = UnduManagerTests.swift; sourceTree = "<group>"; };
		BD7DF40B2C054B3700FA31B5 /* UnduManagerUITests.xctest */ = {isa = PBXFileReference; explicitFileType = wrapper.cfbundle; includeInIndex = 0; path = UnduManagerUITests.xctest; sourceTree = BUILT_PRODUCTS_DIR; };
		BD7DF40F2C054B3700FA31B5 /* UnduManagerUITests.swift */ = {isa = PBXFileReference; lastKnownFileType = sourcecode.swift; path = UnduManagerUITests.swift; sourceTree = "<group>"; };
		BD7DF4112C054B3700FA31B5 /* UnduManagerUITestsLaunchTests.swift */ = {isa = PBXFileReference; lastKnownFileType = sourcecode.swift; path = UnduManagerUITestsLaunchTests.swift; sourceTree = "<group>"; };
/* End PBXFileReference section */

/* Begin PBXFrameworksBuildPhase section */
		BD7DF3E82C054B3500FA31B5 /* Frameworks */ = {
			isa = PBXFrameworksBuildPhase;
			buildActionMask = 2147483647;
			files = (
			);
			runOnlyForDeploymentPostprocessing = 0;
		};
		BD7DF3FE2C054B3700FA31B5 /* Frameworks */ = {
			isa = PBXFrameworksBuildPhase;
			buildActionMask = 2147483647;
			files = (
			);
			runOnlyForDeploymentPostprocessing = 0;
		};
		BD7DF4082C054B3700FA31B5 /* Frameworks */ = {
			isa = PBXFrameworksBuildPhase;
			buildActionMask = 2147483647;
			files = (
			);
			runOnlyForDeploymentPostprocessing = 0;
		};
/* End PBXFrameworksBuildPhase section */

/* Begin PBXGroup section */
		BD7DF3E22C054B3500FA31B5 = {
			isa = PBXGroup;
			children = (
				BD7DF3ED2C054B3500FA31B5 /* UnduManager */,
				BD7DF4042C054B3700FA31B5 /* UnduManagerTests */,
				BD7DF40E2C054B3700FA31B5 /* UnduManagerUITests */,
				BD7DF3EC2C054B3500FA31B5 /* Products */,
			);
			sourceTree = "<group>";
		};
		BD7DF3EC2C054B3500FA31B5 /* Products */ = {
			isa = PBXGroup;
			children = (
				BD7DF3EB2C054B3500FA31B5 /* UnduManager.app */,
				BD7DF4012C054B3700FA31B5 /* UnduManagerTests.xctest */,
				BD7DF40B2C054B3700FA31B5 /* UnduManagerUITests.xctest */,
			);
			name = Products;
			sourceTree = "<group>";
		};
		BD7DF3ED2C054B3500FA31B5 /* UnduManager */ = {
			isa = PBXGroup;
			children = (
				BD7DF3EE2C054B3500FA31B5 /* AppDelegate.swift */,
				BD7DF3F02C054B3500FA31B5 /* SceneDelegate.swift */,
				BD7DF3F22C054B3500FA31B5 /* ViewController.swift */,
				BD7DF3F42C054B3500FA31B5 /* Main.storyboard */,
				BD7DF3F72C054B3600FA31B5 /* Assets.xcassets */,
				BD7DF3F92C054B3600FA31B5 /* LaunchScreen.storyboard */,
				BD7DF3FC2C054B3600FA31B5 /* Info.plist */,
			);
			path = UnduManager;
			sourceTree = "<group>";
		};
		BD7DF4042C054B3700FA31B5 /* UnduManagerTests */ = {
			isa = PBXGroup;
			children = (
				BD7DF4052C054B3700FA31B5 /* UnduManagerTests.swift */,
			);
			path = UnduManagerTests;
			sourceTree = "<group>";
		};
		BD7DF40E2C054B3700FA31B5 /* UnduManagerUITests */ = {
			isa = PBXGroup;
			children = (
				BD7DF40F2C054B3700FA31B5 /* UnduManagerUITests.swift */,
				BD7DF4112C054B3700FA31B5 /* UnduManagerUITestsLaunchTests.swift */,
			);
			path = UnduManagerUITests;
			sourceTree = "<group>";
		};
/* End PBXGroup section */

/* Begin PBXNativeTarget section */
		BD7DF3EA2C054B3500FA31B5 /* UnduManager */ = {
			isa = PBXNativeTarget;
			buildConfigurationList = BD7DF4152C054B3700FA31B5 /* Build configuration list for PBXNativeTarget "UnduManager" */;
			buildPhases = (
				BD7DF3E72C054B3500FA31B5 /* Sources */,
				BD7DF3E82C054B3500FA31B5 /* Frameworks */,
				BD7DF3E92C054B3500FA31B5 /* Resources */,
			);
			buildRules = (
			);
			dependencies = (
			);
			name = UnduManager;
			productName = UnduManager;
			productReference = BD7DF3EB2C054B3500FA31B5 /* UnduManager.app */;
			productType = "com.apple.product-type.application";
		};
		BD7DF4002C054B3700FA31B5 /* UnduManagerTests */ = {
			isa = PBXNativeTarget;
			buildConfigurationList = BD7DF4182C054B3700FA31B5 /* Build configuration list for PBXNativeTarget "UnduManagerTests" */;
			buildPhases = (
				BD7DF3FD2C054B3700FA31B5 /* Sources */,
				BD7DF3FE2C054B3700FA31B5 /* Frameworks */,
				BD7DF3FF2C054B3700FA31B5 /* Resources */,
			);
			buildRules = (
			);
			dependencies = (
				BD7DF4032C054B3700FA31B5 /* PBXTargetDependency */,
			);
			name = UnduManagerTests;
			productName = UnduManagerTests;
			productReference = BD7DF4012C054B3700FA31B5 /* UnduManagerTests.xctest */;
			productType = "com.apple.product-type.bundle.unit-test";
		};
		BD7DF40A2C054B3700FA31B5 /* UnduManagerUITests */ = {
			isa = PBXNativeTarget;
			buildConfigurationList = BD7DF41B2C054B3700FA31B5 /* Build configuration list for PBXNativeTarget "UnduManagerUITests" */;
			buildPhases = (
				BD7DF4072C054B3700FA31B5 /* Sources */,
				BD7DF4082C054B3700FA31B5 /* Frameworks */,
				BD7DF4092C054B3700FA31B5 /* Resources */,
			);
			buildRules = (
			);
			dependencies = (
				BD7DF40D2C054B3700FA31B5 /* PBXTargetDependency */,
			);
			name = UnduManagerUITests;
			productName = UnduManagerUITests;
			productReference = BD7DF40B2C054B3700FA31B5 /* UnduManagerUITests.xctest */;
			productType = "com.apple.product-type.bundle.ui-testing";
		};
/* End PBXNativeTarget section */

/* Begin PBXProject section */
		BD7DF3E32C054B3500FA31B5 /* Project object */ = {
			isa = PBXProject;
			attributes = {
				BuildIndependentTargetsInParallel = 1;
				LastSwiftUpdateCheck = 1530;
				LastUpgradeCheck = 1530;
				TargetAttributes = {
					BD7DF3EA2C054B3500FA31B5 = {
						CreatedOnToolsVersion = 15.3;
					};
					BD7DF4002C054B3700FA31B5 = {
						CreatedOnToolsVersion = 15.3;
						TestTargetID = BD7DF3EA2C054B3500FA31B5;
					};
					BD7DF40A2C054B3700FA31B5 = {
						CreatedOnToolsVersion = 15.3;
						TestTargetID = BD7DF3EA2C054B3500FA31B5;
					};
				};
			};
			buildConfigurationList = BD7DF3E62C054B3500FA31B5 /* Build configuration list for PBXProject "UnduManager" */;
			compatibilityVersion = "Xcode 14.0";
			developmentRegion = en;
			hasScannedForEncodings = 0;
			knownRegions = (
				en,
				Base,
			);
			mainGroup = BD7DF3E22C054B3500FA31B5;
			productRefGroup = BD7DF3EC2C054B3500FA31B5 /* Products */;
			projectDirPath = "";
			projectRoot = "";
			targets = (
				BD7DF3EA2C054B3500FA31B5 /* UnduManager */,
				BD7DF4002C054B3700FA31B5 /* UnduManagerTests */,
				BD7DF40A2C054B3700FA31B5 /* UnduManagerUITests */,
			);
		};
/* End PBXProject section */

/* Begin PBXResourcesBuildPhase section */
		BD7DF3E92C054B3500FA31B5 /* Resources */ = {
			isa = PBXResourcesBuildPhase;
			buildActionMask = 2147483647;
			files = (
				BD7DF3F82C054B3600FA31B5 /* Assets.xcassets in Resources */,
				BD7DF3FB2C054B3600FA31B5 /* Base in Resources */,
				BD7DF3F62C054B3500FA31B5 /* Base in Resources */,
			);
			runOnlyForDeploymentPostprocessing = 0;
		};
		BD7DF3FF2C054B3700FA31B5 /* Resources */ = {
			isa = PBXResourcesBuildPhase;
			buildActionMask = 2147483647;
			files = (
			);
			runOnlyForDeploymentPostprocessing = 0;
		};
		BD7DF4092C054B3700FA31B5 /* Resources */ = {
			isa = PBXResourcesBuildPhase;
			buildActionMask = 2147483647;
			files = (
			);
			runOnlyForDeploymentPostprocessing = 0;
		};
/* End PBXResourcesBuildPhase section */

/* Begin PBXSourcesBuildPhase section */
		BD7DF3E72C054B3500FA31B5 /* Sources */ = {
			isa = PBXSourcesBuildPhase;
			buildActionMask = 2147483647;
			files = (
				BD7DF3F32C054B3500FA31B5 /* ViewController.swift in Sources */,
				BD7DF3EF2C054B3500FA31B5 /* AppDelegate.swift in Sources */,
				BD7DF3F12C054B3500FA31B5 /* SceneDelegate.swift in Sources */,
			);
			runOnlyForDeploymentPostprocessing = 0;
		};
		BD7DF3FD2C054B3700FA31B5 /* Sources */ = {
			isa = PBXSourcesBuildPhase;
			buildActionMask = 2147483647;
			files = (
				BD7DF4062C054B3700FA31B5 /* UnduManagerTests.swift in Sources */,
			);
			runOnlyForDeploymentPostprocessing = 0;
		};
		BD7DF4072C054B3700FA31B5 /* Sources */ = {
			isa = PBXSourcesBuildPhase;
			buildActionMask = 2147483647;
			files = (
				BD7DF4122C054B3700FA31B5 /* UnduManagerUITestsLaunchTests.swift in Sources */,
				BD7DF4102C054B3700FA31B5 /* UnduManagerUITests.swift in Sources */,
			);
			runOnlyForDeploymentPostprocessing = 0;
		};
/* End PBXSourcesBuildPhase section */

/* Begin PBXTargetDependency section */
		BD7DF4032C054B3700FA31B5 /* PBXTargetDependency */ = {
			isa = PBXTargetDependency;
			target = BD7DF3EA2C054B3500FA31B5 /* UnduManager */;
			targetProxy = BD7DF4022C054B3700FA31B5 /* PBXContainerItemProxy */;
		};
		BD7DF40D2C054B3700FA31B5 /* PBXTargetDependency */ = {
			isa = PBXTargetDependency;
			target = BD7DF3EA2C054B3500FA31B5 /* UnduManager */;
			targetProxy = BD7DF40C2C054B3700FA31B5 /* PBXContainerItemProxy */;
		};
/* End PBXTargetDependency section */

/* Begin PBXVariantGroup section */
		BD7DF3F42C054B3500FA31B5 /* Main.storyboard */ = {
			isa = PBXVariantGroup;
			children = (
				BD7DF3F52C054B3500FA31B5 /* Base */,
			);
			name = Main.storyboard;
			sourceTree = "<group>";
		};
		BD7DF3F92C054B3600FA31B5 /* LaunchScreen.storyboard */ = {
			isa = PBXVariantGroup;
			children = (
				BD7DF3FA2C054B3600FA31B5 /* Base */,
			);
			name = LaunchScreen.storyboard;
			sourceTree = "<group>";
		};
/* End PBXVariantGroup section */

/* Begin XCBuildConfiguration section */
		BD7DF4132C054B3700FA31B5 /* Debug */ = {
			isa = XCBuildConfiguration;
			buildSettings = {
				ALWAYS_SEARCH_USER_PATHS = NO;
				ASSETCATALOG_COMPILER_GENERATE_SWIFT_ASSET_SYMBOL_EXTENSIONS = YES;
				CLANG_ANALYZER_NONNULL = YES;
				CLANG_ANALYZER_NUMBER_OBJECT_CONVERSION = YES_AGGRESSIVE;
				CLANG_CXX_LANGUAGE_STANDARD = "gnu++20";
				CLANG_ENABLE_MODULES = YES;
				CLANG_ENABLE_OBJC_ARC = YES;
				CLANG_ENABLE_OBJC_WEAK = YES;
				CLANG_WARN_BLOCK_CAPTURE_AUTORELEASING = YES;
				CLANG_WARN_BOOL_CONVERSION = YES;
				CLANG_WARN_COMMA = YES;
				CLANG_WARN_CONSTANT_CONVERSION = YES;
				CLANG_WARN_DEPRECATED_OBJC_IMPLEMENTATIONS = YES;
				CLANG_WARN_DIRECT_OBJC_ISA_USAGE = YES_ERROR;
				CLANG_WARN_DOCUMENTATION_COMMENTS = YES;
				CLANG_WARN_EMPTY_BODY = YES;
				CLANG_WARN_ENUM_CONVERSION = YES;
				CLANG_WARN_INFINITE_RECURSION = YES;
				CLANG_WARN_INT_CONVERSION = YES;
				CLANG_WARN_NON_LITERAL_NULL_CONVERSION = YES;
				CLANG_WARN_OBJC_IMPLICIT_RETAIN_SELF = YES;
				CLANG_WARN_OBJC_LITERAL_CONVERSION = YES;
				CLANG_WARN_OBJC_ROOT_CLASS = YES_ERROR;
				CLANG_WARN_QUOTED_INCLUDE_IN_FRAMEWORK_HEADER = YES;
				CLANG_WARN_RANGE_LOOP_ANALYSIS = YES;
				CLANG_WARN_STRICT_PROTOTYPES = YES;
				CLANG_WARN_SUSPICIOUS_MOVE = YES;
				CLANG_WARN_UNGUARDED_AVAILABILITY = YES_AGGRESSIVE;
				CLANG_WARN_UNREACHABLE_CODE = YES;
				CLANG_WARN__DUPLICATE_METHOD_MATCH = YES;
				COPY_PHASE_STRIP = NO;
				DEBUG_INFORMATION_FORMAT = dwarf;
				ENABLE_STRICT_OBJC_MSGSEND = YES;
				ENABLE_TESTABILITY = YES;
				ENABLE_USER_SCRIPT_SANDBOXING = YES;
				GCC_C_LANGUAGE_STANDARD = gnu17;
				GCC_DYNAMIC_NO_PIC = NO;
				GCC_NO_COMMON_BLOCKS = YES;
				GCC_OPTIMIZATION_LEVEL = 0;
				GCC_PREPROCESSOR_DEFINITIONS = (
					"DEBUG=1",
					"$(inherited)",
				);
				GCC_WARN_64_TO_32_BIT_CONVERSION = YES;
				GCC_WARN_ABOUT_RETURN_TYPE = YES_ERROR;
				GCC_WARN_UNDECLARED_SELECTOR = YES;
				GCC_WARN_UNINITIALIZED_AUTOS = YES_AGGRESSIVE;
				GCC_WARN_UNUSED_FUNCTION = YES;
				GCC_WARN_UNUSED_VARIABLE = YES;
				IPHONEOS_DEPLOYMENT_TARGET = 17.4;
				LOCALIZATION_PREFERS_STRING_CATALOGS = YES;
				MTL_ENABLE_DEBUG_INFO = INCLUDE_SOURCE;
				MTL_FAST_MATH = YES;
				ONLY_ACTIVE_ARCH = YES;
				SDKROOT = iphoneos;
				SWIFT_ACTIVE_COMPILATION_CONDITIONS = "DEBUG $(inherited)";
				SWIFT_OPTIMIZATION_LEVEL = "-Onone";
			};
			name = Debug;
		};
		BD7DF4142C054B3700FA31B5 /* Release */ = {
			isa = XCBuildConfiguration;
			buildSettings = {
				ALWAYS_SEARCH_USER_PATHS = NO;
				ASSETCATALOG_COMPILER_GENERATE_SWIFT_ASSET_SYMBOL_EXTENSIONS = YES;
				CLANG_ANALYZER_NONNULL = YES;
				CLANG_ANALYZER_NUMBER_OBJECT_CONVERSION = YES_AGGRESSIVE;
				CLANG_CXX_LANGUAGE_STANDARD = "gnu++20";
				CLANG_ENABLE_MODULES = YES;
				CLANG_ENABLE_OBJC_ARC = YES;
				CLANG_ENABLE_OBJC_WEAK = YES;
				CLANG_WARN_BLOCK_CAPTURE_AUTORELEASING = YES;
				CLANG_WARN_BOOL_CONVERSION = YES;
				CLANG_WARN_COMMA = YES;
				CLANG_WARN_CONSTANT_CONVERSION = YES;
				CLANG_WARN_DEPRECATED_OBJC_IMPLEMENTATIONS = YES;
				CLANG_WARN_DIRECT_OBJC_ISA_USAGE = YES_ERROR;
				CLANG_WARN_DOCUMENTATION_COMMENTS = YES;
				CLANG_WARN_EMPTY_BODY = YES;
				CLANG_WARN_ENUM_CONVERSION = YES;
				CLANG_WARN_INFINITE_RECURSION = YES;
				CLANG_WARN_INT_CONVERSION = YES;
				CLANG_WARN_NON_LITERAL_NULL_CONVERSION = YES;
				CLANG_WARN_OBJC_IMPLICIT_RETAIN_SELF = YES;
				CLANG_WARN_OBJC_LITERAL_CONVERSION = YES;
				CLANG_WARN_OBJC_ROOT_CLASS = YES_ERROR;
				CLANG_WARN_QUOTED_INCLUDE_IN_FRAMEWORK_HEADER = YES;
				CLANG_WARN_RANGE_LOOP_ANALYSIS = YES;
				CLANG_WARN_STRICT_PROTOTYPES = YES;
				CLANG_WARN_SUSPICIOUS_MOVE = YES;
				CLANG_WARN_UNGUARDED_AVAILABILITY = YES_AGGRESSIVE;
				CLANG_WARN_UNREACHABLE_CODE = YES;
				CLANG_WARN__DUPLICATE_METHOD_MATCH = YES;
				COPY_PHASE_STRIP = NO;
				DEBUG_INFORMATION_FORMAT = "dwarf-with-dsym";
				ENABLE_NS_ASSERTIONS = NO;
				ENABLE_STRICT_OBJC_MSGSEND = YES;
				ENABLE_USER_SCRIPT_SANDBOXING = YES;
				GCC_C_LANGUAGE_STANDARD = gnu17;
				GCC_NO_COMMON_BLOCKS = YES;
				GCC_WARN_64_TO_32_BIT_CONVERSION = YES;
				GCC_WARN_ABOUT_RETURN_TYPE = YES_ERROR;
				GCC_WARN_UNDECLARED_SELECTOR = YES;
				GCC_WARN_UNINITIALIZED_AUTOS = YES_AGGRESSIVE;
				GCC_WARN_UNUSED_FUNCTION = YES;
				GCC_WARN_UNUSED_VARIABLE = YES;
				IPHONEOS_DEPLOYMENT_TARGET = 17.4;
				LOCALIZATION_PREFERS_STRING_CATALOGS = YES;
				MTL_ENABLE_DEBUG_INFO = NO;
				MTL_FAST_MATH = YES;
				SDKROOT = iphoneos;
				SWIFT_COMPILATION_MODE = wholemodule;
				VALIDATE_PRODUCT = YES;
			};
			name = Release;
		};
		BD7DF4162C054B3700FA31B5 /* Debug */ = {
			isa = XCBuildConfiguration;
			buildSettings = {
				ASSETCATALOG_COMPILER_APPICON_NAME = AppIcon;
				ASSETCATALOG_COMPILER_GLOBAL_ACCENT_COLOR_NAME = AccentColor;
				CODE_SIGN_STYLE = Automatic;
				CURRENT_PROJECT_VERSION = 1;
				GENERATE_INFOPLIST_FILE = YES;
				INFOPLIST_FILE = UnduManager/Info.plist;
				INFOPLIST_KEY_UIApplicationSupportsIndirectInputEvents = YES;
				INFOPLIST_KEY_UILaunchStoryboardName = LaunchScreen;
				INFOPLIST_KEY_UIMainStoryboardFile = Main;
				INFOPLIST_KEY_UISupportedInterfaceOrientations_iPad = "UIInterfaceOrientationPortrait UIInterfaceOrientationPortraitUpsideDown UIInterfaceOrientationLandscapeLeft UIInterfaceOrientationLandscapeRight";
				INFOPLIST_KEY_UISupportedInterfaceOrientations_iPhone = "UIInterfaceOrientationPortrait UIInterfaceOrientationLandscapeLeft UIInterfaceOrientationLandscapeRight";
				LD_RUNPATH_SEARCH_PATHS = (
					"$(inherited)",
					"@executable_path/Frameworks",
				);
				MARKETING_VERSION = 1.0;
				PRODUCT_BUNDLE_IDENTIFIER = com.plexustechnology.UnduManager;
				PRODUCT_NAME = "$(TARGET_NAME)";
				SWIFT_EMIT_LOC_STRINGS = YES;
				SWIFT_VERSION = 5.0;
				TARGETED_DEVICE_FAMILY = "1,2";
			};
			name = Debug;
		};
		BD7DF4172C054B3700FA31B5 /* Release */ = {
			isa = XCBuildConfiguration;
			buildSettings = {
				ASSETCATALOG_COMPILER_APPICON_NAME = AppIcon;
				ASSETCATALOG_COMPILER_GLOBAL_ACCENT_COLOR_NAME = AccentColor;
				CODE_SIGN_STYLE = Automatic;
				CURRENT_PROJECT_VERSION = 1;
				GENERATE_INFOPLIST_FILE = YES;
				INFOPLIST_FILE = UnduManager/Info.plist;
				INFOPLIST_KEY_UIApplicationSupportsIndirectInputEvents = YES;
				INFOPLIST_KEY_UILaunchStoryboardName = LaunchScreen;
				INFOPLIST_KEY_UIMainStoryboardFile = Main;
				INFOPLIST_KEY_UISupportedInterfaceOrientations_iPad = "UIInterfaceOrientationPortrait UIInterfaceOrientationPortraitUpsideDown UIInterfaceOrientationLandscapeLeft UIInterfaceOrientationLandscapeRight";
				INFOPLIST_KEY_UISupportedInterfaceOrientations_iPhone = "UIInterfaceOrientationPortrait UIInterfaceOrientationLandscapeLeft UIInterfaceOrientationLandscapeRight";
				LD_RUNPATH_SEARCH_PATHS = (
					"$(inherited)",
					"@executable_path/Frameworks",
				);
				MARKETING_VERSION = 1.0;
				PRODUCT_BUNDLE_IDENTIFIER = com.plexustechnology.UnduManager;
				PRODUCT_NAME = "$(TARGET_NAME)";
				SWIFT_EMIT_LOC_STRINGS = YES;
				SWIFT_VERSION = 5.0;
				TARGETED_DEVICE_FAMILY = "1,2";
			};
			name = Release;
		};
		BD7DF4192C054B3700FA31B5 /* Debug */ = {
			isa = XCBuildConfiguration;
			buildSettings = {
				ALWAYS_EMBED_SWIFT_STANDARD_LIBRARIES = YES;
				BUNDLE_LOADER = "$(TEST_HOST)";
				CODE_SIGN_STYLE = Automatic;
				CURRENT_PROJECT_VERSION = 1;
				GENERATE_INFOPLIST_FILE = YES;
				IPHONEOS_DEPLOYMENT_TARGET = 17.4;
				MARKETING_VERSION = 1.0;
				PRODUCT_BUNDLE_IDENTIFIER = com.plexustechnology.UnduManagerTests;
				PRODUCT_NAME = "$(TARGET_NAME)";
				SWIFT_EMIT_LOC_STRINGS = NO;
				SWIFT_VERSION = 5.0;
				TARGETED_DEVICE_FAMILY = "1,2";
				TEST_HOST = "$(BUILT_PRODUCTS_DIR)/UnduManager.app/$(BUNDLE_EXECUTABLE_FOLDER_PATH)/UnduManager";
			};
			name = Debug;
		};
		BD7DF41A2C054B3700FA31B5 /* Release */ = {
			isa = XCBuildConfiguration;
			buildSettings = {
				ALWAYS_EMBED_SWIFT_STANDARD_LIBRARIES = YES;
				BUNDLE_LOADER = "$(TEST_HOST)";
				CODE_SIGN_STYLE = Automatic;
				CURRENT_PROJECT_VERSION = 1;
				GENERATE_INFOPLIST_FILE = YES;
				IPHONEOS_DEPLOYMENT_TARGET = 17.4;
				MARKETING_VERSION = 1.0;
				PRODUCT_BUNDLE_IDENTIFIER = com.plexustechnology.UnduManagerTests;
				PRODUCT_NAME = "$(TARGET_NAME)";
				SWIFT_EMIT_LOC_STRINGS = NO;
				SWIFT_VERSION = 5.0;
				TARGETED_DEVICE_FAMILY = "1,2";
				TEST_HOST = "$(BUILT_PRODUCTS_DIR)/UnduManager.app/$(BUNDLE_EXECUTABLE_FOLDER_PATH)/UnduManager";
			};
			name = Release;
		};
		BD7DF41C2C054B3700FA31B5 /* Debug */ = {
			isa = XCBuildConfiguration;
			buildSettings = {
				ALWAYS_EMBED_SWIFT_STANDARD_LIBRARIES = YES;
				CODE_SIGN_STYLE = Automatic;
				CURRENT_PROJECT_VERSION = 1;
				GENERATE_INFOPLIST_FILE = YES;
				MARKETING_VERSION = 1.0;
				PRODUCT_BUNDLE_IDENTIFIER = com.plexustechnology.UnduManagerUITests;
				PRODUCT_NAME = "$(TARGET_NAME)";
				SWIFT_EMIT_LOC_STRINGS = NO;
				SWIFT_VERSION = 5.0;
				TARGETED_DEVICE_FAMILY = "1,2";
				TEST_TARGET_NAME = UnduManager;
			};
			name = Debug;
		};
		BD7DF41D2C054B3700FA31B5 /* Release */ = {
			isa = XCBuildConfiguration;
			buildSettings = {
				ALWAYS_EMBED_SWIFT_STANDARD_LIBRARIES = YES;
				CODE_SIGN_STYLE = Automatic;
				CURRENT_PROJECT_VERSION = 1;
				GENERATE_INFOPLIST_FILE = YES;
				MARKETING_VERSION = 1.0;
				PRODUCT_BUNDLE_IDENTIFIER = com.plexustechnology.UnduManagerUITests;
				PRODUCT_NAME = "$(TARGET_NAME)";
				SWIFT_EMIT_LOC_STRINGS = NO;
				SWIFT_VERSION = 5.0;
				TARGETED_DEVICE_FAMILY = "1,2";
				TEST_TARGET_NAME = UnduManager;
			};
			name = Release;
		};
/* End XCBuildConfiguration section */

/* Begin XCConfigurationList section */
		BD7DF3E62C054B3500FA31B5 /* Build configuration list for PBXProject "UnduManager" */ = {
			isa = XCConfigurationList;
			buildConfigurations = (
				BD7DF4132C054B3700FA31B5 /* Debug */,
				BD7DF4142C054B3700FA31B5 /* Release */,
			);
			defaultConfigurationIsVisible = 0;
			defaultConfigurationName = Release;
		};
		BD7DF4152C054B3700FA31B5 /* Build configuration list for PBXNativeTarget "UnduManager" */ = {
			isa = XCConfigurationList;
			buildConfigurations = (
				BD7DF4162C054B3700FA31B5 /* Debug */,
				BD7DF4172C054B3700FA31B5 /* Release */,
			);
			defaultConfigurationIsVisible = 0;
			defaultConfigurationName = Release;
		};
		BD7DF4182C054B3700FA31B5 /* Build configuration list for PBXNativeTarget "UnduManagerTests" */ = {
			isa = XCConfigurationList;
			buildConfigurations = (
				BD7DF4192C054B3700FA31B5 /* Debug */,
				BD7DF41A2C054B3700FA31B5 /* Release */,
			);
			defaultConfigurationIsVisible = 0;
			defaultConfigurationName = Release;
		};
		BD7DF41B2C054B3700FA31B5 /* Build configuration list for PBXNativeTarget "UnduManagerUITests" */ = {
			isa = XCConfigurationList;
			buildConfigurations = (
				BD7DF41C2C054B3700FA31B5 /* Debug */,
				BD7DF41D2C054B3700FA31B5 /* Release */,
			);
			defaultConfigurationIsVisible = 0;
			defaultConfigurationName = Release;
		};
/* End XCConfigurationList section */
	};
	rootObject = BD7DF3E32C054B3500FA31B5 /* Project object */;
}
